
Microsoft Visual Studio Solution File, Format Version 12.00
# Visual Studio Version 16
VisualStudioVersion = 16.0.31205.134
MinimumVisualStudioVersion = 10.0.40219.1
Project("{D954291E-2A0B-460D-934E-DC6B0785DB48}") = "TiendaUno.Shared", "TiendaUno\TiendaUno.Shared\TiendaUno.Shared.shproj", "{6279C845-92F8-4333-AB99-3D213163593C}"
EndProject
Project("{2150E333-8FDC-42A3-9474-1A3956D46DE8}") = "Platforms", "Platforms", "{C9E0A5C2-EC50-43B9-B793-D12B40BF17D8}"
EndProject
Project("{FAE04EC0-301F-11D3-BF4B-00C04F79EFBC}") = "TiendaUno.Droid", "TiendaUno\TiendaUno.Droid\TiendaUno.Droid.csproj", "{7E3A33F1-A621-4681-8433-FC767737FB82}"
EndProject
Project("{FAE04EC0-301F-11D3-BF4B-00C04F79EFBC}") = "TiendaUno.iOS", "TiendaUno\TiendaUno.iOS\TiendaUno.iOS.csproj", "{B08C2FE8-1A7A-463E-84AC-F9CE399CB837}"
EndProject
Project("{FAE04EC0-301F-11D3-BF4B-00C04F79EFBC}") = "TiendaUno.UWP", "TiendaUno\TiendaUno.UWP\TiendaUno.UWP.csproj", "{6ACB4ACB-4F3C-4667-B322-64B855703D2D}"
EndProject
Project("{9A19103F-16F7-4668-BE54-9A1E7A4F7556}") = "TiendaUno.Wasm", "TiendaUno\TiendaUno.Wasm\TiendaUno.Wasm.csproj", "{798E79C0-93F6-41C6-8DD0-B38B284CC875}"
EndProject
Project("{FAE04EC0-301F-11D3-BF4B-00C04F79EFBC}") = "TiendaUno.macOS", "TiendaUno\TiendaUno.macOS\TiendaUno.macOS.csproj", "{EF5D2475-1C28-40B6-B011-832D8631C1A7}"
EndProject
Project("{9A19103F-16F7-4668-BE54-9A1E7A4F7556}") = "TiendaUno.Skia.Wpf.Host", "TiendaUno\TiendaUno.Skia.Wpf.Host\TiendaUno.Skia.Wpf.Host.csproj", "{5F14DAF4-8A0D-4B93-9600-8672104DE800}"
EndProject
Project("{9A19103F-16F7-4668-BE54-9A1E7A4F7556}") = "TiendaUno.Skia.Wpf", "TiendaUno\TiendaUno.Skia.Wpf\TiendaUno.Skia.Wpf.csproj", "{CF1408C0-0BE7-4D3E-BB65-B6F3CC0CE7F9}"
EndProject
Project("{9A19103F-16F7-4668-BE54-9A1E7A4F7556}") = "TiendaUno.Skia.Gtk", "TiendaUno\TiendaUno.Skia.Gtk\TiendaUno.Skia.Gtk.csproj", "{44BBA467-E6BB-48A8-BE11-10CEAD8739A9}"
EndProject
Project("{9A19103F-16F7-4668-BE54-9A1E7A4F7556}") = "TiendaUno.Skia.Tizen", "TiendaUno\TiendaUno.Skia.Tizen\TiendaUno.Skia.Tizen.csproj", "{DF009208-D1EA-4D2A-986D-7EC6FBD86B5E}"
EndProject
Project("{FAE04EC0-301F-11D3-BF4B-00C04F79EFBC}") = "TiendaUno.Api", "TiendaUno.Api\TiendaUno.Api.csproj", "{5F5213E8-5134-4FAE-B653-5EAB767DFDC5}"
EndProject
Global
	GlobalSection(SharedMSBuildProjectFiles) = preSolution
		TiendaUno\TiendaUno.Shared\TiendaUno.Shared.projitems*{44bba467-e6bb-48a8-be11-10cead8739a9}*SharedItemsImports = 5
		TiendaUno\TiendaUno.Shared\TiendaUno.Shared.projitems*{6279c845-92f8-4333-ab99-3d213163593c}*SharedItemsImports = 13
		TiendaUno\TiendaUno.Shared\TiendaUno.Shared.projitems*{6acb4acb-4f3c-4667-b322-64b855703d2d}*SharedItemsImports = 4
		TiendaUno\TiendaUno.Shared\TiendaUno.Shared.projitems*{798e79c0-93f6-41c6-8dd0-b38b284cc875}*SharedItemsImports = 5
		TiendaUno\TiendaUno.Shared\TiendaUno.Shared.projitems*{7e3a33f1-a621-4681-8433-fc767737fb82}*SharedItemsImports = 4
		TiendaUno\TiendaUno.Shared\TiendaUno.Shared.projitems*{b08c2fe8-1a7a-463e-84ac-f9ce399cb837}*SharedItemsImports = 4
		TiendaUno\TiendaUno.Shared\TiendaUno.Shared.projitems*{cf1408c0-0be7-4d3e-bb65-b6f3cc0ce7f9}*SharedItemsImports = 5
		TiendaUno\TiendaUno.Shared\TiendaUno.Shared.projitems*{df009208-d1ea-4d2a-986d-7ec6fbd86b5e}*SharedItemsImports = 5
		TiendaUno\TiendaUno.Shared\TiendaUno.Shared.projitems*{ef5d2475-1c28-40b6-b011-832d8631c1a7}*SharedItemsImports = 4
	EndGlobalSection
	GlobalSection(SolutionConfigurationPlatforms) = preSolution
		Ad-Hoc|Any CPU = Ad-Hoc|Any CPU
		Ad-Hoc|ARM = Ad-Hoc|ARM
		Ad-Hoc|ARM64 = Ad-Hoc|ARM64
		Ad-Hoc|iPhone = Ad-Hoc|iPhone
		Ad-Hoc|iPhoneSimulator = Ad-Hoc|iPhoneSimulator
		Ad-Hoc|x64 = Ad-Hoc|x64
		Ad-Hoc|x86 = Ad-Hoc|x86
		AppStore|Any CPU = AppStore|Any CPU
		AppStore|ARM = AppStore|ARM
		AppStore|ARM64 = AppStore|ARM64
		AppStore|iPhone = AppStore|iPhone
		AppStore|iPhoneSimulator = AppStore|iPhoneSimulator
		AppStore|x64 = AppStore|x64
		AppStore|x86 = AppStore|x86
		Debug|Any CPU = Debug|Any CPU
		Debug|ARM = Debug|ARM
		Debug|ARM64 = Debug|ARM64
		Debug|iPhone = Debug|iPhone
		Debug|iPhoneSimulator = Debug|iPhoneSimulator
		Debug|x64 = Debug|x64
		Debug|x86 = Debug|x86
		Release|Any CPU = Release|Any CPU
		Release|ARM = Release|ARM
		Release|ARM64 = Release|ARM64
		Release|iPhone = Release|iPhone
		Release|iPhoneSimulator = Release|iPhoneSimulator
		Release|x64 = Release|x64
		Release|x86 = Release|x86
	EndGlobalSection
	GlobalSection(ProjectConfigurationPlatforms) = postSolution
		{7E3A33F1-A621-4681-8433-FC767737FB82}.Ad-Hoc|Any CPU.ActiveCfg = Debug|Any CPU
		{7E3A33F1-A621-4681-8433-FC767737FB82}.Ad-Hoc|Any CPU.Build.0 = Debug|Any CPU
		{7E3A33F1-A621-4681-8433-FC767737FB82}.Ad-Hoc|Any CPU.Deploy.0 = Debug|Any CPU
		{7E3A33F1-A621-4681-8433-FC767737FB82}.Ad-Hoc|ARM.ActiveCfg = Debug|Any CPU
		{7E3A33F1-A621-4681-8433-FC767737FB82}.Ad-Hoc|ARM.Build.0 = Debug|Any CPU
		{7E3A33F1-A621-4681-8433-FC767737FB82}.Ad-Hoc|ARM.Deploy.0 = Debug|Any CPU
		{7E3A33F1-A621-4681-8433-FC767737FB82}.Ad-Hoc|ARM64.ActiveCfg = Debug|Any CPU
		{7E3A33F1-A621-4681-8433-FC767737FB82}.Ad-Hoc|ARM64.Build.0 = Debug|Any CPU
		{7E3A33F1-A621-4681-8433-FC767737FB82}.Ad-Hoc|ARM64.Deploy.0 = Debug|Any CPU
		{7E3A33F1-A621-4681-8433-FC767737FB82}.Ad-Hoc|iPhone.ActiveCfg = Debug|Any CPU
		{7E3A33F1-A621-4681-8433-FC767737FB82}.Ad-Hoc|iPhone.Build.0 = Debug|Any CPU
		{7E3A33F1-A621-4681-8433-FC767737FB82}.Ad-Hoc|iPhone.Deploy.0 = Debug|Any CPU
		{7E3A33F1-A621-4681-8433-FC767737FB82}.Ad-Hoc|iPhoneSimulator.ActiveCfg = Debug|Any CPU
		{7E3A33F1-A621-4681-8433-FC767737FB82}.Ad-Hoc|iPhoneSimulator.Build.0 = Debug|Any CPU
		{7E3A33F1-A621-4681-8433-FC767737FB82}.Ad-Hoc|iPhoneSimulator.Deploy.0 = Debug|Any CPU
		{7E3A33F1-A621-4681-8433-FC767737FB82}.Ad-Hoc|x64.ActiveCfg = Debug|Any CPU
		{7E3A33F1-A621-4681-8433-FC767737FB82}.Ad-Hoc|x64.Build.0 = Debug|Any CPU
		{7E3A33F1-A621-4681-8433-FC767737FB82}.Ad-Hoc|x64.Deploy.0 = Debug|Any CPU
		{7E3A33F1-A621-4681-8433-FC767737FB82}.Ad-Hoc|x86.ActiveCfg = Debug|Any CPU
		{7E3A33F1-A621-4681-8433-FC767737FB82}.Ad-Hoc|x86.Build.0 = Debug|Any CPU
		{7E3A33F1-A621-4681-8433-FC767737FB82}.Ad-Hoc|x86.Deploy.0 = Debug|Any CPU
		{7E3A33F1-A621-4681-8433-FC767737FB82}.AppStore|Any CPU.ActiveCfg = Debug|Any CPU
		{7E3A33F1-A621-4681-8433-FC767737FB82}.AppStore|Any CPU.Build.0 = Debug|Any CPU
		{7E3A33F1-A621-4681-8433-FC767737FB82}.AppStore|Any CPU.Deploy.0 = Debug|Any CPU
		{7E3A33F1-A621-4681-8433-FC767737FB82}.AppStore|ARM.ActiveCfg = Debug|Any CPU
		{7E3A33F1-A621-4681-8433-FC767737FB82}.AppStore|ARM.Build.0 = Debug|Any CPU
		{7E3A33F1-A621-4681-8433-FC767737FB82}.AppStore|ARM.Deploy.0 = Debug|Any CPU
		{7E3A33F1-A621-4681-8433-FC767737FB82}.AppStore|ARM64.ActiveCfg = Debug|Any CPU
		{7E3A33F1-A621-4681-8433-FC767737FB82}.AppStore|ARM64.Build.0 = Debug|Any CPU
		{7E3A33F1-A621-4681-8433-FC767737FB82}.AppStore|ARM64.Deploy.0 = Debug|Any CPU
		{7E3A33F1-A621-4681-8433-FC767737FB82}.AppStore|iPhone.ActiveCfg = Debug|Any CPU
		{7E3A33F1-A621-4681-8433-FC767737FB82}.AppStore|iPhone.Build.0 = Debug|Any CPU
		{7E3A33F1-A621-4681-8433-FC767737FB82}.AppStore|iPhone.Deploy.0 = Debug|Any CPU
		{7E3A33F1-A621-4681-8433-FC767737FB82}.AppStore|iPhoneSimulator.ActiveCfg = Debug|Any CPU
		{7E3A33F1-A621-4681-8433-FC767737FB82}.AppStore|iPhoneSimulator.Build.0 = Debug|Any CPU
		{7E3A33F1-A621-4681-8433-FC767737FB82}.AppStore|iPhoneSimulator.Deploy.0 = Debug|Any CPU
		{7E3A33F1-A621-4681-8433-FC767737FB82}.AppStore|x64.ActiveCfg = Debug|Any CPU
		{7E3A33F1-A621-4681-8433-FC767737FB82}.AppStore|x64.Build.0 = Debug|Any CPU
		{7E3A33F1-A621-4681-8433-FC767737FB82}.AppStore|x64.Deploy.0 = Debug|Any CPU
		{7E3A33F1-A621-4681-8433-FC767737FB82}.AppStore|x86.ActiveCfg = Debug|Any CPU
		{7E3A33F1-A621-4681-8433-FC767737FB82}.AppStore|x86.Build.0 = Debug|Any CPU
		{7E3A33F1-A621-4681-8433-FC767737FB82}.AppStore|x86.Deploy.0 = Debug|Any CPU
		{7E3A33F1-A621-4681-8433-FC767737FB82}.Debug|Any CPU.ActiveCfg = Debug|Any CPU
		{7E3A33F1-A621-4681-8433-FC767737FB82}.Debug|Any CPU.Build.0 = Debug|Any CPU
		{7E3A33F1-A621-4681-8433-FC767737FB82}.Debug|Any CPU.Deploy.0 = Debug|Any CPU
		{7E3A33F1-A621-4681-8433-FC767737FB82}.Debug|ARM.ActiveCfg = Debug|Any CPU
		{7E3A33F1-A621-4681-8433-FC767737FB82}.Debug|ARM.Build.0 = Debug|Any CPU
		{7E3A33F1-A621-4681-8433-FC767737FB82}.Debug|ARM.Deploy.0 = Debug|Any CPU
		{7E3A33F1-A621-4681-8433-FC767737FB82}.Debug|ARM64.ActiveCfg = Debug|Any CPU
		{7E3A33F1-A621-4681-8433-FC767737FB82}.Debug|ARM64.Build.0 = Debug|Any CPU
		{7E3A33F1-A621-4681-8433-FC767737FB82}.Debug|ARM64.Deploy.0 = Debug|Any CPU
		{7E3A33F1-A621-4681-8433-FC767737FB82}.Debug|iPhone.ActiveCfg = Debug|Any CPU
		{7E3A33F1-A621-4681-8433-FC767737FB82}.Debug|iPhone.Build.0 = Debug|Any CPU
		{7E3A33F1-A621-4681-8433-FC767737FB82}.Debug|iPhone.Deploy.0 = Debug|Any CPU
		{7E3A33F1-A621-4681-8433-FC767737FB82}.Debug|iPhoneSimulator.ActiveCfg = Debug|Any CPU
		{7E3A33F1-A621-4681-8433-FC767737FB82}.Debug|iPhoneSimulator.Build.0 = Debug|Any CPU
		{7E3A33F1-A621-4681-8433-FC767737FB82}.Debug|iPhoneSimulator.Deploy.0 = Debug|Any CPU
		{7E3A33F1-A621-4681-8433-FC767737FB82}.Debug|x64.ActiveCfg = Debug|Any CPU
		{7E3A33F1-A621-4681-8433-FC767737FB82}.Debug|x64.Build.0 = Debug|Any CPU
		{7E3A33F1-A621-4681-8433-FC767737FB82}.Debug|x64.Deploy.0 = Debug|Any CPU
		{7E3A33F1-A621-4681-8433-FC767737FB82}.Debug|x86.ActiveCfg = Debug|Any CPU
		{7E3A33F1-A621-4681-8433-FC767737FB82}.Debug|x86.Build.0 = Debug|Any CPU
		{7E3A33F1-A621-4681-8433-FC767737FB82}.Debug|x86.Deploy.0 = Debug|Any CPU
		{7E3A33F1-A621-4681-8433-FC767737FB82}.Release|Any CPU.ActiveCfg = Release|Any CPU
		{7E3A33F1-A621-4681-8433-FC767737FB82}.Release|Any CPU.Build.0 = Release|Any CPU
		{7E3A33F1-A621-4681-8433-FC767737FB82}.Release|Any CPU.Deploy.0 = Release|Any CPU
		{7E3A33F1-A621-4681-8433-FC767737FB82}.Release|ARM.ActiveCfg = Release|Any CPU
		{7E3A33F1-A621-4681-8433-FC767737FB82}.Release|ARM.Build.0 = Release|Any CPU
		{7E3A33F1-A621-4681-8433-FC767737FB82}.Release|ARM.Deploy.0 = Release|Any CPU
		{7E3A33F1-A621-4681-8433-FC767737FB82}.Release|ARM64.ActiveCfg = Release|Any CPU
		{7E3A33F1-A621-4681-8433-FC767737FB82}.Release|ARM64.Build.0 = Release|Any CPU
		{7E3A33F1-A621-4681-8433-FC767737FB82}.Release|ARM64.Deploy.0 = Release|Any CPU
		{7E3A33F1-A621-4681-8433-FC767737FB82}.Release|iPhone.ActiveCfg = Release|Any CPU
		{7E3A33F1-A621-4681-8433-FC767737FB82}.Release|iPhone.Build.0 = Release|Any CPU
		{7E3A33F1-A621-4681-8433-FC767737FB82}.Release|iPhone.Deploy.0 = Release|Any CPU
		{7E3A33F1-A621-4681-8433-FC767737FB82}.Release|iPhoneSimulator.ActiveCfg = Release|Any CPU
		{7E3A33F1-A621-4681-8433-FC767737FB82}.Release|iPhoneSimulator.Build.0 = Release|Any CPU
		{7E3A33F1-A621-4681-8433-FC767737FB82}.Release|iPhoneSimulator.Deploy.0 = Release|Any CPU
		{7E3A33F1-A621-4681-8433-FC767737FB82}.Release|x64.ActiveCfg = Release|Any CPU
		{7E3A33F1-A621-4681-8433-FC767737FB82}.Release|x64.Build.0 = Release|Any CPU
		{7E3A33F1-A621-4681-8433-FC767737FB82}.Release|x64.Deploy.0 = Release|Any CPU
		{7E3A33F1-A621-4681-8433-FC767737FB82}.Release|x86.ActiveCfg = Release|Any CPU
		{7E3A33F1-A621-4681-8433-FC767737FB82}.Release|x86.Build.0 = Release|Any CPU
		{7E3A33F1-A621-4681-8433-FC767737FB82}.Release|x86.Deploy.0 = Release|Any CPU
		{B08C2FE8-1A7A-463E-84AC-F9CE399CB837}.Ad-Hoc|Any CPU.ActiveCfg = Ad-Hoc|iPhoneSimulator
		{B08C2FE8-1A7A-463E-84AC-F9CE399CB837}.Ad-Hoc|ARM.ActiveCfg = Ad-Hoc|iPhoneSimulator
		{B08C2FE8-1A7A-463E-84AC-F9CE399CB837}.Ad-Hoc|ARM64.ActiveCfg = Ad-Hoc|iPhoneSimulator
		{B08C2FE8-1A7A-463E-84AC-F9CE399CB837}.Ad-Hoc|iPhone.ActiveCfg = Ad-Hoc|iPhone
		{B08C2FE8-1A7A-463E-84AC-F9CE399CB837}.Ad-Hoc|iPhone.Build.0 = Ad-Hoc|iPhone
		{B08C2FE8-1A7A-463E-84AC-F9CE399CB837}.Ad-Hoc|iPhoneSimulator.ActiveCfg = Ad-Hoc|iPhoneSimulator
		{B08C2FE8-1A7A-463E-84AC-F9CE399CB837}.Ad-Hoc|iPhoneSimulator.Build.0 = Ad-Hoc|iPhoneSimulator
		{B08C2FE8-1A7A-463E-84AC-F9CE399CB837}.Ad-Hoc|x64.ActiveCfg = Ad-Hoc|iPhoneSimulator
		{B08C2FE8-1A7A-463E-84AC-F9CE399CB837}.Ad-Hoc|x86.ActiveCfg = Ad-Hoc|iPhoneSimulator
		{B08C2FE8-1A7A-463E-84AC-F9CE399CB837}.AppStore|Any CPU.ActiveCfg = AppStore|iPhoneSimulator
		{B08C2FE8-1A7A-463E-84AC-F9CE399CB837}.AppStore|ARM.ActiveCfg = AppStore|iPhoneSimulator
		{B08C2FE8-1A7A-463E-84AC-F9CE399CB837}.AppStore|ARM64.ActiveCfg = AppStore|iPhoneSimulator
		{B08C2FE8-1A7A-463E-84AC-F9CE399CB837}.AppStore|iPhone.ActiveCfg = AppStore|iPhone
		{B08C2FE8-1A7A-463E-84AC-F9CE399CB837}.AppStore|iPhone.Build.0 = AppStore|iPhone
		{B08C2FE8-1A7A-463E-84AC-F9CE399CB837}.AppStore|iPhoneSimulator.ActiveCfg = AppStore|iPhoneSimulator
		{B08C2FE8-1A7A-463E-84AC-F9CE399CB837}.AppStore|iPhoneSimulator.Build.0 = AppStore|iPhoneSimulator
		{B08C2FE8-1A7A-463E-84AC-F9CE399CB837}.AppStore|x64.ActiveCfg = AppStore|iPhoneSimulator
		{B08C2FE8-1A7A-463E-84AC-F9CE399CB837}.AppStore|x86.ActiveCfg = AppStore|iPhoneSimulator
		{B08C2FE8-1A7A-463E-84AC-F9CE399CB837}.Debug|Any CPU.ActiveCfg = Debug|iPhoneSimulator
		{B08C2FE8-1A7A-463E-84AC-F9CE399CB837}.Debug|ARM.ActiveCfg = Debug|iPhoneSimulator
		{B08C2FE8-1A7A-463E-84AC-F9CE399CB837}.Debug|ARM64.ActiveCfg = Debug|iPhoneSimulator
		{B08C2FE8-1A7A-463E-84AC-F9CE399CB837}.Debug|iPhone.ActiveCfg = Debug|iPhone
		{B08C2FE8-1A7A-463E-84AC-F9CE399CB837}.Debug|iPhone.Build.0 = Debug|iPhone
		{B08C2FE8-1A7A-463E-84AC-F9CE399CB837}.Debug|iPhoneSimulator.ActiveCfg = Debug|iPhoneSimulator
		{B08C2FE8-1A7A-463E-84AC-F9CE399CB837}.Debug|iPhoneSimulator.Build.0 = Debug|iPhoneSimulator
		{B08C2FE8-1A7A-463E-84AC-F9CE399CB837}.Debug|x64.ActiveCfg = Debug|iPhoneSimulator
		{B08C2FE8-1A7A-463E-84AC-F9CE399CB837}.Debug|x86.ActiveCfg = Debug|iPhoneSimulator
		{B08C2FE8-1A7A-463E-84AC-F9CE399CB837}.Release|Any CPU.ActiveCfg = Release|iPhoneSimulator
		{B08C2FE8-1A7A-463E-84AC-F9CE399CB837}.Release|ARM.ActiveCfg = Release|iPhoneSimulator
		{B08C2FE8-1A7A-463E-84AC-F9CE399CB837}.Release|ARM64.ActiveCfg = Release|iPhoneSimulator
		{B08C2FE8-1A7A-463E-84AC-F9CE399CB837}.Release|iPhone.ActiveCfg = Release|iPhone
		{B08C2FE8-1A7A-463E-84AC-F9CE399CB837}.Release|iPhone.Build.0 = Release|iPhone
		{B08C2FE8-1A7A-463E-84AC-F9CE399CB837}.Release|iPhoneSimulator.ActiveCfg = Release|iPhoneSimulator
		{B08C2FE8-1A7A-463E-84AC-F9CE399CB837}.Release|iPhoneSimulator.Build.0 = Release|iPhoneSimulator
		{B08C2FE8-1A7A-463E-84AC-F9CE399CB837}.Release|x64.ActiveCfg = Release|iPhoneSimulator
		{B08C2FE8-1A7A-463E-84AC-F9CE399CB837}.Release|x86.ActiveCfg = Release|iPhoneSimulator
		{6ACB4ACB-4F3C-4667-B322-64B855703D2D}.Ad-Hoc|Any CPU.ActiveCfg = Debug|x86
		{6ACB4ACB-4F3C-4667-B322-64B855703D2D}.Ad-Hoc|Any CPU.Build.0 = Debug|x86
		{6ACB4ACB-4F3C-4667-B322-64B855703D2D}.Ad-Hoc|Any CPU.Deploy.0 = Debug|x86
		{6ACB4ACB-4F3C-4667-B322-64B855703D2D}.Ad-Hoc|ARM.ActiveCfg = Debug|ARM
		{6ACB4ACB-4F3C-4667-B322-64B855703D2D}.Ad-Hoc|ARM.Build.0 = Debug|ARM
		{6ACB4ACB-4F3C-4667-B322-64B855703D2D}.Ad-Hoc|ARM.Deploy.0 = Debug|ARM
		{6ACB4ACB-4F3C-4667-B322-64B855703D2D}.Ad-Hoc|ARM64.ActiveCfg = Debug|ARM64
		{6ACB4ACB-4F3C-4667-B322-64B855703D2D}.Ad-Hoc|ARM64.Build.0 = Debug|ARM64
		{6ACB4ACB-4F3C-4667-B322-64B855703D2D}.Ad-Hoc|ARM64.Deploy.0 = Debug|ARM64
		{6ACB4ACB-4F3C-4667-B322-64B855703D2D}.Ad-Hoc|iPhone.ActiveCfg = Debug|x86
		{6ACB4ACB-4F3C-4667-B322-64B855703D2D}.Ad-Hoc|iPhone.Build.0 = Debug|x86
		{6ACB4ACB-4F3C-4667-B322-64B855703D2D}.Ad-Hoc|iPhone.Deploy.0 = Debug|x86
		{6ACB4ACB-4F3C-4667-B322-64B855703D2D}.Ad-Hoc|iPhoneSimulator.ActiveCfg = Debug|x86
		{6ACB4ACB-4F3C-4667-B322-64B855703D2D}.Ad-Hoc|iPhoneSimulator.Build.0 = Debug|x86
		{6ACB4ACB-4F3C-4667-B322-64B855703D2D}.Ad-Hoc|iPhoneSimulator.Deploy.0 = Debug|x86
		{6ACB4ACB-4F3C-4667-B322-64B855703D2D}.Ad-Hoc|x64.ActiveCfg = Debug|x64
		{6ACB4ACB-4F3C-4667-B322-64B855703D2D}.Ad-Hoc|x64.Build.0 = Debug|x64
		{6ACB4ACB-4F3C-4667-B322-64B855703D2D}.Ad-Hoc|x64.Deploy.0 = Debug|x64
		{6ACB4ACB-4F3C-4667-B322-64B855703D2D}.Ad-Hoc|x86.ActiveCfg = Debug|x86
		{6ACB4ACB-4F3C-4667-B322-64B855703D2D}.Ad-Hoc|x86.Build.0 = Debug|x86
		{6ACB4ACB-4F3C-4667-B322-64B855703D2D}.Ad-Hoc|x86.Deploy.0 = Debug|x86
		{6ACB4ACB-4F3C-4667-B322-64B855703D2D}.AppStore|Any CPU.ActiveCfg = Debug|x86
		{6ACB4ACB-4F3C-4667-B322-64B855703D2D}.AppStore|Any CPU.Build.0 = Debug|x86
		{6ACB4ACB-4F3C-4667-B322-64B855703D2D}.AppStore|Any CPU.Deploy.0 = Debug|x86
		{6ACB4ACB-4F3C-4667-B322-64B855703D2D}.AppStore|ARM.ActiveCfg = Debug|ARM
		{6ACB4ACB-4F3C-4667-B322-64B855703D2D}.AppStore|ARM.Build.0 = Debug|ARM
		{6ACB4ACB-4F3C-4667-B322-64B855703D2D}.AppStore|ARM.Deploy.0 = Debug|ARM
		{6ACB4ACB-4F3C-4667-B322-64B855703D2D}.AppStore|ARM64.ActiveCfg = Debug|ARM64
		{6ACB4ACB-4F3C-4667-B322-64B855703D2D}.AppStore|ARM64.Build.0 = Debug|ARM64
		{6ACB4ACB-4F3C-4667-B322-64B855703D2D}.AppStore|ARM64.Deploy.0 = Debug|ARM64
		{6ACB4ACB-4F3C-4667-B322-64B855703D2D}.AppStore|iPhone.ActiveCfg = Debug|x86
		{6ACB4ACB-4F3C-4667-B322-64B855703D2D}.AppStore|iPhone.Build.0 = Debug|x86
		{6ACB4ACB-4F3C-4667-B322-64B855703D2D}.AppStore|iPhone.Deploy.0 = Debug|x86
		{6ACB4ACB-4F3C-4667-B322-64B855703D2D}.AppStore|iPhoneSimulator.ActiveCfg = Debug|x86
		{6ACB4ACB-4F3C-4667-B322-64B855703D2D}.AppStore|iPhoneSimulator.Build.0 = Debug|x86
		{6ACB4ACB-4F3C-4667-B322-64B855703D2D}.AppStore|iPhoneSimulator.Deploy.0 = Debug|x86
		{6ACB4ACB-4F3C-4667-B322-64B855703D2D}.AppStore|x64.ActiveCfg = Debug|x64
		{6ACB4ACB-4F3C-4667-B322-64B855703D2D}.AppStore|x64.Build.0 = Debug|x64
		{6ACB4ACB-4F3C-4667-B322-64B855703D2D}.AppStore|x64.Deploy.0 = Debug|x64
		{6ACB4ACB-4F3C-4667-B322-64B855703D2D}.AppStore|x86.ActiveCfg = Debug|x86
		{6ACB4ACB-4F3C-4667-B322-64B855703D2D}.AppStore|x86.Build.0 = Debug|x86
		{6ACB4ACB-4F3C-4667-B322-64B855703D2D}.AppStore|x86.Deploy.0 = Debug|x86
		{6ACB4ACB-4F3C-4667-B322-64B855703D2D}.Debug|Any CPU.ActiveCfg = Debug|x86
		{6ACB4ACB-4F3C-4667-B322-64B855703D2D}.Debug|Any CPU.Build.0 = Debug|x86
		{6ACB4ACB-4F3C-4667-B322-64B855703D2D}.Debug|Any CPU.Deploy.0 = Debug|x86
		{6ACB4ACB-4F3C-4667-B322-64B855703D2D}.Debug|ARM.ActiveCfg = Debug|ARM
		{6ACB4ACB-4F3C-4667-B322-64B855703D2D}.Debug|ARM.Build.0 = Debug|ARM
		{6ACB4ACB-4F3C-4667-B322-64B855703D2D}.Debug|ARM.Deploy.0 = Debug|ARM
		{6ACB4ACB-4F3C-4667-B322-64B855703D2D}.Debug|ARM64.ActiveCfg = Debug|ARM64
		{6ACB4ACB-4F3C-4667-B322-64B855703D2D}.Debug|ARM64.Build.0 = Debug|ARM64
		{6ACB4ACB-4F3C-4667-B322-64B855703D2D}.Debug|ARM64.Deploy.0 = Debug|ARM64
		{6ACB4ACB-4F3C-4667-B322-64B855703D2D}.Debug|iPhone.ActiveCfg = Debug|x86
		{6ACB4ACB-4F3C-4667-B322-64B855703D2D}.Debug|iPhoneSimulator.ActiveCfg = Debug|x86
		{6ACB4ACB-4F3C-4667-B322-64B855703D2D}.Debug|x64.ActiveCfg = Debug|x64
		{6ACB4ACB-4F3C-4667-B322-64B855703D2D}.Debug|x64.Build.0 = Debug|x64
		{6ACB4ACB-4F3C-4667-B322-64B855703D2D}.Debug|x64.Deploy.0 = Debug|x64
		{6ACB4ACB-4F3C-4667-B322-64B855703D2D}.Debug|x86.ActiveCfg = Debug|x86
		{6ACB4ACB-4F3C-4667-B322-64B855703D2D}.Debug|x86.Build.0 = Debug|x86
		{6ACB4ACB-4F3C-4667-B322-64B855703D2D}.Debug|x86.Deploy.0 = Debug|x86
		{6ACB4ACB-4F3C-4667-B322-64B855703D2D}.Release|Any CPU.ActiveCfg = Release|x86
		{6ACB4ACB-4F3C-4667-B322-64B855703D2D}.Release|ARM.ActiveCfg = Release|ARM
		{6ACB4ACB-4F3C-4667-B322-64B855703D2D}.Release|ARM.Build.0 = Release|ARM
		{6ACB4ACB-4F3C-4667-B322-64B855703D2D}.Release|ARM.Deploy.0 = Release|ARM
		{6ACB4ACB-4F3C-4667-B322-64B855703D2D}.Release|ARM64.ActiveCfg = Release|ARM64
		{6ACB4ACB-4F3C-4667-B322-64B855703D2D}.Release|ARM64.Build.0 = Release|ARM64
		{6ACB4ACB-4F3C-4667-B322-64B855703D2D}.Release|ARM64.Deploy.0 = Release|ARM64
		{6ACB4ACB-4F3C-4667-B322-64B855703D2D}.Release|iPhone.ActiveCfg = Release|x86
		{6ACB4ACB-4F3C-4667-B322-64B855703D2D}.Release|iPhoneSimulator.ActiveCfg = Release|x86
		{6ACB4ACB-4F3C-4667-B322-64B855703D2D}.Release|x64.ActiveCfg = Release|x64
		{6ACB4ACB-4F3C-4667-B322-64B855703D2D}.Release|x64.Build.0 = Release|x64
		{6ACB4ACB-4F3C-4667-B322-64B855703D2D}.Release|x64.Deploy.0 = Release|x64
		{6ACB4ACB-4F3C-4667-B322-64B855703D2D}.Release|x86.ActiveCfg = Release|x86
		{6ACB4ACB-4F3C-4667-B322-64B855703D2D}.Release|x86.Build.0 = Release|x86
		{6ACB4ACB-4F3C-4667-B322-64B855703D2D}.Release|x86.Deploy.0 = Release|x86
		{798E79C0-93F6-41C6-8DD0-B38B284CC875}.Ad-Hoc|Any CPU.ActiveCfg = Debug|Any CPU
		{798E79C0-93F6-41C6-8DD0-B38B284CC875}.Ad-Hoc|Any CPU.Build.0 = Debug|Any CPU
		{798E79C0-93F6-41C6-8DD0-B38B284CC875}.Ad-Hoc|ARM.ActiveCfg = Debug|Any CPU
		{798E79C0-93F6-41C6-8DD0-B38B284CC875}.Ad-Hoc|ARM.Build.0 = Debug|Any CPU
		{798E79C0-93F6-41C6-8DD0-B38B284CC875}.Ad-Hoc|ARM64.ActiveCfg = Debug|Any CPU
		{798E79C0-93F6-41C6-8DD0-B38B284CC875}.Ad-Hoc|ARM64.Build.0 = Debug|Any CPU
		{798E79C0-93F6-41C6-8DD0-B38B284CC875}.Ad-Hoc|iPhone.ActiveCfg = Debug|Any CPU
		{798E79C0-93F6-41C6-8DD0-B38B284CC875}.Ad-Hoc|iPhone.Build.0 = Debug|Any CPU
		{798E79C0-93F6-41C6-8DD0-B38B284CC875}.Ad-Hoc|iPhoneSimulator.ActiveCfg = Debug|Any CPU
		{798E79C0-93F6-41C6-8DD0-B38B284CC875}.Ad-Hoc|iPhoneSimulator.Build.0 = Debug|Any CPU
		{798E79C0-93F6-41C6-8DD0-B38B284CC875}.Ad-Hoc|x64.ActiveCfg = Debug|Any CPU
		{798E79C0-93F6-41C6-8DD0-B38B284CC875}.Ad-Hoc|x64.Build.0 = Debug|Any CPU
		{798E79C0-93F6-41C6-8DD0-B38B284CC875}.Ad-Hoc|x86.ActiveCfg = Debug|Any CPU
		{798E79C0-93F6-41C6-8DD0-B38B284CC875}.Ad-Hoc|x86.Build.0 = Debug|Any CPU
		{798E79C0-93F6-41C6-8DD0-B38B284CC875}.AppStore|Any CPU.ActiveCfg = Debug|Any CPU
		{798E79C0-93F6-41C6-8DD0-B38B284CC875}.AppStore|Any CPU.Build.0 = Debug|Any CPU
		{798E79C0-93F6-41C6-8DD0-B38B284CC875}.AppStore|ARM.ActiveCfg = Debug|Any CPU
		{798E79C0-93F6-41C6-8DD0-B38B284CC875}.AppStore|ARM.Build.0 = Debug|Any CPU
		{798E79C0-93F6-41C6-8DD0-B38B284CC875}.AppStore|ARM64.ActiveCfg = Debug|Any CPU
		{798E79C0-93F6-41C6-8DD0-B38B284CC875}.AppStore|ARM64.Build.0 = Debug|Any CPU
		{798E79C0-93F6-41C6-8DD0-B38B284CC875}.AppStore|iPhone.ActiveCfg = Debug|Any CPU
		{798E79C0-93F6-41C6-8DD0-B38B284CC875}.AppStore|iPhone.Build.0 = Debug|Any CPU
		{798E79C0-93F6-41C6-8DD0-B38B284CC875}.AppStore|iPhoneSimulator.ActiveCfg = Debug|Any CPU
		{798E79C0-93F6-41C6-8DD0-B38B284CC875}.AppStore|iPhoneSimulator.Build.0 = Debug|Any CPU
		{798E79C0-93F6-41C6-8DD0-B38B284CC875}.AppStore|x64.ActiveCfg = Debug|Any CPU
		{798E79C0-93F6-41C6-8DD0-B38B284CC875}.AppStore|x64.Build.0 = Debug|Any CPU
		{798E79C0-93F6-41C6-8DD0-B38B284CC875}.AppStore|x86.ActiveCfg = Debug|Any CPU
		{798E79C0-93F6-41C6-8DD0-B38B284CC875}.AppStore|x86.Build.0 = Debug|Any CPU
		{798E79C0-93F6-41C6-8DD0-B38B284CC875}.Debug|Any CPU.ActiveCfg = Debug|Any CPU
		{798E79C0-93F6-41C6-8DD0-B38B284CC875}.Debug|Any CPU.Build.0 = Debug|Any CPU
		{798E79C0-93F6-41C6-8DD0-B38B284CC875}.Debug|ARM.ActiveCfg = Debug|Any CPU
		{798E79C0-93F6-41C6-8DD0-B38B284CC875}.Debug|ARM.Build.0 = Debug|Any CPU
		{798E79C0-93F6-41C6-8DD0-B38B284CC875}.Debug|ARM64.ActiveCfg = Debug|Any CPU
		{798E79C0-93F6-41C6-8DD0-B38B284CC875}.Debug|ARM64.Build.0 = Debug|Any CPU
		{798E79C0-93F6-41C6-8DD0-B38B284CC875}.Debug|iPhone.ActiveCfg = Debug|Any CPU
		{798E79C0-93F6-41C6-8DD0-B38B284CC875}.Debug|iPhone.Build.0 = Debug|Any CPU
		{798E79C0-93F6-41C6-8DD0-B38B284CC875}.Debug|iPhoneSimulator.ActiveCfg = Debug|Any CPU
		{798E79C0-93F6-41C6-8DD0-B38B284CC875}.Debug|iPhoneSimulator.Build.0 = Debug|Any CPU
		{798E79C0-93F6-41C6-8DD0-B38B284CC875}.Debug|x64.ActiveCfg = Debug|Any CPU
		{798E79C0-93F6-41C6-8DD0-B38B284CC875}.Debug|x64.Build.0 = Debug|Any CPU
		{798E79C0-93F6-41C6-8DD0-B38B284CC875}.Debug|x86.ActiveCfg = Debug|Any CPU
		{798E79C0-93F6-41C6-8DD0-B38B284CC875}.Debug|x86.Build.0 = Debug|Any CPU
		{798E79C0-93F6-41C6-8DD0-B38B284CC875}.Release|Any CPU.ActiveCfg = Release|Any CPU
		{798E79C0-93F6-41C6-8DD0-B38B284CC875}.Release|Any CPU.Build.0 = Release|Any CPU
		{798E79C0-93F6-41C6-8DD0-B38B284CC875}.Release|ARM.ActiveCfg = Release|Any CPU
		{798E79C0-93F6-41C6-8DD0-B38B284CC875}.Release|ARM.Build.0 = Release|Any CPU
		{798E79C0-93F6-41C6-8DD0-B38B284CC875}.Release|ARM64.ActiveCfg = Release|Any CPU
		{798E79C0-93F6-41C6-8DD0-B38B284CC875}.Release|ARM64.Build.0 = Release|Any CPU
		{798E79C0-93F6-41C6-8DD0-B38B284CC875}.Release|iPhone.ActiveCfg = Release|Any CPU
		{798E79C0-93F6-41C6-8DD0-B38B284CC875}.Release|iPhone.Build.0 = Release|Any CPU
		{798E79C0-93F6-41C6-8DD0-B38B284CC875}.Release|iPhoneSimulator.ActiveCfg = Release|Any CPU
		{798E79C0-93F6-41C6-8DD0-B38B284CC875}.Release|iPhoneSimulator.Build.0 = Release|Any CPU
		{798E79C0-93F6-41C6-8DD0-B38B284CC875}.Release|x64.ActiveCfg = Release|Any CPU
		{798E79C0-93F6-41C6-8DD0-B38B284CC875}.Release|x64.Build.0 = Release|Any CPU
		{798E79C0-93F6-41C6-8DD0-B38B284CC875}.Release|x86.ActiveCfg = Release|Any CPU
		{798E79C0-93F6-41C6-8DD0-B38B284CC875}.Release|x86.Build.0 = Release|Any CPU
		{EF5D2475-1C28-40B6-B011-832D8631C1A7}.Ad-Hoc|Any CPU.ActiveCfg = Debug|iPhoneSimulator
		{EF5D2475-1C28-40B6-B011-832D8631C1A7}.Ad-Hoc|Any CPU.Build.0 = Debug|iPhoneSimulator
		{EF5D2475-1C28-40B6-B011-832D8631C1A7}.Ad-Hoc|ARM.ActiveCfg = Debug|iPhoneSimulator
		{EF5D2475-1C28-40B6-B011-832D8631C1A7}.Ad-Hoc|ARM.Build.0 = Debug|iPhoneSimulator
		{EF5D2475-1C28-40B6-B011-832D8631C1A7}.Ad-Hoc|ARM64.ActiveCfg = Debug|iPhoneSimulator
		{EF5D2475-1C28-40B6-B011-832D8631C1A7}.Ad-Hoc|ARM64.Build.0 = Debug|iPhoneSimulator
		{EF5D2475-1C28-40B6-B011-832D8631C1A7}.Ad-Hoc|iPhone.ActiveCfg = Debug|iPhoneSimulator
		{EF5D2475-1C28-40B6-B011-832D8631C1A7}.Ad-Hoc|iPhone.Build.0 = Debug|iPhoneSimulator
		{EF5D2475-1C28-40B6-B011-832D8631C1A7}.Ad-Hoc|iPhoneSimulator.ActiveCfg = Debug|iPhoneSimulator
		{EF5D2475-1C28-40B6-B011-832D8631C1A7}.Ad-Hoc|iPhoneSimulator.Build.0 = Debug|iPhoneSimulator
		{EF5D2475-1C28-40B6-B011-832D8631C1A7}.Ad-Hoc|x64.ActiveCfg = Debug|iPhoneSimulator
		{EF5D2475-1C28-40B6-B011-832D8631C1A7}.Ad-Hoc|x64.Build.0 = Debug|iPhoneSimulator
		{EF5D2475-1C28-40B6-B011-832D8631C1A7}.Ad-Hoc|x86.ActiveCfg = Debug|iPhoneSimulator
		{EF5D2475-1C28-40B6-B011-832D8631C1A7}.Ad-Hoc|x86.Build.0 = Debug|iPhoneSimulator
		{EF5D2475-1C28-40B6-B011-832D8631C1A7}.AppStore|Any CPU.ActiveCfg = Debug|iPhoneSimulator
		{EF5D2475-1C28-40B6-B011-832D8631C1A7}.AppStore|Any CPU.Build.0 = Debug|iPhoneSimulator
		{EF5D2475-1C28-40B6-B011-832D8631C1A7}.AppStore|ARM.ActiveCfg = Debug|iPhoneSimulator
		{EF5D2475-1C28-40B6-B011-832D8631C1A7}.AppStore|ARM.Build.0 = Debug|iPhoneSimulator
		{EF5D2475-1C28-40B6-B011-832D8631C1A7}.AppStore|ARM64.ActiveCfg = Debug|iPhoneSimulator
		{EF5D2475-1C28-40B6-B011-832D8631C1A7}.AppStore|ARM64.Build.0 = Debug|iPhoneSimulator
		{EF5D2475-1C28-40B6-B011-832D8631C1A7}.AppStore|iPhone.ActiveCfg = Debug|iPhoneSimulator
		{EF5D2475-1C28-40B6-B011-832D8631C1A7}.AppStore|iPhone.Build.0 = Debug|iPhoneSimulator
		{EF5D2475-1C28-40B6-B011-832D8631C1A7}.AppStore|iPhoneSimulator.ActiveCfg = Debug|iPhoneSimulator
		{EF5D2475-1C28-40B6-B011-832D8631C1A7}.AppStore|iPhoneSimulator.Build.0 = Debug|iPhoneSimulator
		{EF5D2475-1C28-40B6-B011-832D8631C1A7}.AppStore|x64.ActiveCfg = Debug|iPhoneSimulator
		{EF5D2475-1C28-40B6-B011-832D8631C1A7}.AppStore|x64.Build.0 = Debug|iPhoneSimulator
		{EF5D2475-1C28-40B6-B011-832D8631C1A7}.AppStore|x86.ActiveCfg = Debug|iPhoneSimulator
		{EF5D2475-1C28-40B6-B011-832D8631C1A7}.AppStore|x86.Build.0 = Debug|iPhoneSimulator
		{EF5D2475-1C28-40B6-B011-832D8631C1A7}.Debug|Any CPU.ActiveCfg = Debug|iPhoneSimulator
		{EF5D2475-1C28-40B6-B011-832D8631C1A7}.Debug|ARM.ActiveCfg = Debug|iPhoneSimulator
		{EF5D2475-1C28-40B6-B011-832D8631C1A7}.Debug|ARM64.ActiveCfg = Debug|iPhoneSimulator
		{EF5D2475-1C28-40B6-B011-832D8631C1A7}.Debug|iPhone.ActiveCfg = Debug|iPhoneSimulator
		{EF5D2475-1C28-40B6-B011-832D8631C1A7}.Debug|iPhoneSimulator.ActiveCfg = Debug|iPhoneSimulator
		{EF5D2475-1C28-40B6-B011-832D8631C1A7}.Debug|iPhoneSimulator.Build.0 = Debug|iPhoneSimulator
		{EF5D2475-1C28-40B6-B011-832D8631C1A7}.Debug|x64.ActiveCfg = Debug|iPhoneSimulator
		{EF5D2475-1C28-40B6-B011-832D8631C1A7}.Debug|x86.ActiveCfg = Debug|iPhoneSimulator
		{EF5D2475-1C28-40B6-B011-832D8631C1A7}.Release|Any CPU.ActiveCfg = Release|iPhoneSimulator
		{EF5D2475-1C28-40B6-B011-832D8631C1A7}.Release|ARM.ActiveCfg = Release|iPhoneSimulator
		{EF5D2475-1C28-40B6-B011-832D8631C1A7}.Release|ARM64.ActiveCfg = Release|iPhoneSimulator
		{EF5D2475-1C28-40B6-B011-832D8631C1A7}.Release|iPhone.ActiveCfg = Release|iPhoneSimulator
		{EF5D2475-1C28-40B6-B011-832D8631C1A7}.Release|iPhoneSimulator.ActiveCfg = Release|iPhoneSimulator
		{EF5D2475-1C28-40B6-B011-832D8631C1A7}.Release|iPhoneSimulator.Build.0 = Release|iPhoneSimulator
		{EF5D2475-1C28-40B6-B011-832D8631C1A7}.Release|x64.ActiveCfg = Release|iPhoneSimulator
		{EF5D2475-1C28-40B6-B011-832D8631C1A7}.Release|x86.ActiveCfg = Release|iPhoneSimulator
		{5F14DAF4-8A0D-4B93-9600-8672104DE800}.Ad-Hoc|Any CPU.ActiveCfg = Debug|Any CPU
		{5F14DAF4-8A0D-4B93-9600-8672104DE800}.Ad-Hoc|Any CPU.Build.0 = Debug|Any CPU
		{5F14DAF4-8A0D-4B93-9600-8672104DE800}.Ad-Hoc|ARM.ActiveCfg = Debug|Any CPU
		{5F14DAF4-8A0D-4B93-9600-8672104DE800}.Ad-Hoc|ARM.Build.0 = Debug|Any CPU
		{5F14DAF4-8A0D-4B93-9600-8672104DE800}.Ad-Hoc|ARM64.ActiveCfg = Debug|Any CPU
		{5F14DAF4-8A0D-4B93-9600-8672104DE800}.Ad-Hoc|ARM64.Build.0 = Debug|Any CPU
		{5F14DAF4-8A0D-4B93-9600-8672104DE800}.Ad-Hoc|iPhone.ActiveCfg = Debug|Any CPU
		{5F14DAF4-8A0D-4B93-9600-8672104DE800}.Ad-Hoc|iPhone.Build.0 = Debug|Any CPU
		{5F14DAF4-8A0D-4B93-9600-8672104DE800}.Ad-Hoc|iPhoneSimulator.ActiveCfg = Debug|Any CPU
		{5F14DAF4-8A0D-4B93-9600-8672104DE800}.Ad-Hoc|iPhoneSimulator.Build.0 = Debug|Any CPU
		{5F14DAF4-8A0D-4B93-9600-8672104DE800}.Ad-Hoc|x64.ActiveCfg = Debug|Any CPU
		{5F14DAF4-8A0D-4B93-9600-8672104DE800}.Ad-Hoc|x64.Build.0 = Debug|Any CPU
		{5F14DAF4-8A0D-4B93-9600-8672104DE800}.Ad-Hoc|x86.ActiveCfg = Debug|Any CPU
		{5F14DAF4-8A0D-4B93-9600-8672104DE800}.Ad-Hoc|x86.Build.0 = Debug|Any CPU
		{5F14DAF4-8A0D-4B93-9600-8672104DE800}.AppStore|Any CPU.ActiveCfg = Debug|Any CPU
		{5F14DAF4-8A0D-4B93-9600-8672104DE800}.AppStore|Any CPU.Build.0 = Debug|Any CPU
		{5F14DAF4-8A0D-4B93-9600-8672104DE800}.AppStore|ARM.ActiveCfg = Debug|Any CPU
		{5F14DAF4-8A0D-4B93-9600-8672104DE800}.AppStore|ARM.Build.0 = Debug|Any CPU
		{5F14DAF4-8A0D-4B93-9600-8672104DE800}.AppStore|ARM64.ActiveCfg = Debug|Any CPU
		{5F14DAF4-8A0D-4B93-9600-8672104DE800}.AppStore|ARM64.Build.0 = Debug|Any CPU
		{5F14DAF4-8A0D-4B93-9600-8672104DE800}.AppStore|iPhone.ActiveCfg = Debug|Any CPU
		{5F14DAF4-8A0D-4B93-9600-8672104DE800}.AppStore|iPhone.Build.0 = Debug|Any CPU
		{5F14DAF4-8A0D-4B93-9600-8672104DE800}.AppStore|iPhoneSimulator.ActiveCfg = Debug|Any CPU
		{5F14DAF4-8A0D-4B93-9600-8672104DE800}.AppStore|iPhoneSimulator.Build.0 = Debug|Any CPU
		{5F14DAF4-8A0D-4B93-9600-8672104DE800}.AppStore|x64.ActiveCfg = Debug|Any CPU
		{5F14DAF4-8A0D-4B93-9600-8672104DE800}.AppStore|x64.Build.0 = Debug|Any CPU
		{5F14DAF4-8A0D-4B93-9600-8672104DE800}.AppStore|x86.ActiveCfg = Debug|Any CPU
		{5F14DAF4-8A0D-4B93-9600-8672104DE800}.AppStore|x86.Build.0 = Debug|Any CPU
		{5F14DAF4-8A0D-4B93-9600-8672104DE800}.Debug|Any CPU.ActiveCfg = Debug|Any CPU
		{5F14DAF4-8A0D-4B93-9600-8672104DE800}.Debug|Any CPU.Build.0 = Debug|Any CPU
		{5F14DAF4-8A0D-4B93-9600-8672104DE800}.Debug|ARM.ActiveCfg = Debug|Any CPU
		{5F14DAF4-8A0D-4B93-9600-8672104DE800}.Debug|ARM.Build.0 = Debug|Any CPU
		{5F14DAF4-8A0D-4B93-9600-8672104DE800}.Debug|ARM64.ActiveCfg = Debug|Any CPU
		{5F14DAF4-8A0D-4B93-9600-8672104DE800}.Debug|ARM64.Build.0 = Debug|Any CPU
		{5F14DAF4-8A0D-4B93-9600-8672104DE800}.Debug|iPhone.ActiveCfg = Debug|Any CPU
		{5F14DAF4-8A0D-4B93-9600-8672104DE800}.Debug|iPhone.Build.0 = Debug|Any CPU
		{5F14DAF4-8A0D-4B93-9600-8672104DE800}.Debug|iPhoneSimulator.ActiveCfg = Debug|Any CPU
		{5F14DAF4-8A0D-4B93-9600-8672104DE800}.Debug|iPhoneSimulator.Build.0 = Debug|Any CPU
		{5F14DAF4-8A0D-4B93-9600-8672104DE800}.Debug|x64.ActiveCfg = Debug|Any CPU
		{5F14DAF4-8A0D-4B93-9600-8672104DE800}.Debug|x64.Build.0 = Debug|Any CPU
		{5F14DAF4-8A0D-4B93-9600-8672104DE800}.Debug|x86.ActiveCfg = Debug|Any CPU
		{5F14DAF4-8A0D-4B93-9600-8672104DE800}.Debug|x86.Build.0 = Debug|Any CPU
		{5F14DAF4-8A0D-4B93-9600-8672104DE800}.Release|Any CPU.ActiveCfg = Release|Any CPU
		{5F14DAF4-8A0D-4B93-9600-8672104DE800}.Release|Any CPU.Build.0 = Release|Any CPU
		{5F14DAF4-8A0D-4B93-9600-8672104DE800}.Release|ARM.ActiveCfg = Release|Any CPU
		{5F14DAF4-8A0D-4B93-9600-8672104DE800}.Release|ARM.Build.0 = Release|Any CPU
		{5F14DAF4-8A0D-4B93-9600-8672104DE800}.Release|ARM64.ActiveCfg = Release|Any CPU
		{5F14DAF4-8A0D-4B93-9600-8672104DE800}.Release|ARM64.Build.0 = Release|Any CPU
		{5F14DAF4-8A0D-4B93-9600-8672104DE800}.Release|iPhone.ActiveCfg = Release|Any CPU
		{5F14DAF4-8A0D-4B93-9600-8672104DE800}.Release|iPhone.Build.0 = Release|Any CPU
		{5F14DAF4-8A0D-4B93-9600-8672104DE800}.Release|iPhoneSimulator.ActiveCfg = Release|Any CPU
		{5F14DAF4-8A0D-4B93-9600-8672104DE800}.Release|iPhoneSimulator.Build.0 = Release|Any CPU
		{5F14DAF4-8A0D-4B93-9600-8672104DE800}.Release|x64.ActiveCfg = Release|Any CPU
		{5F14DAF4-8A0D-4B93-9600-8672104DE800}.Release|x64.Build.0 = Release|Any CPU
		{5F14DAF4-8A0D-4B93-9600-8672104DE800}.Release|x86.ActiveCfg = Release|Any CPU
		{5F14DAF4-8A0D-4B93-9600-8672104DE800}.Release|x86.Build.0 = Release|Any CPU
		{CF1408C0-0BE7-4D3E-BB65-B6F3CC0CE7F9}.Ad-Hoc|Any CPU.ActiveCfg = Debug|Any CPU
		{CF1408C0-0BE7-4D3E-BB65-B6F3CC0CE7F9}.Ad-Hoc|Any CPU.Build.0 = Debug|Any CPU
		{CF1408C0-0BE7-4D3E-BB65-B6F3CC0CE7F9}.Ad-Hoc|ARM.ActiveCfg = Debug|Any CPU
		{CF1408C0-0BE7-4D3E-BB65-B6F3CC0CE7F9}.Ad-Hoc|ARM.Build.0 = Debug|Any CPU
		{CF1408C0-0BE7-4D3E-BB65-B6F3CC0CE7F9}.Ad-Hoc|ARM64.ActiveCfg = Debug|Any CPU
		{CF1408C0-0BE7-4D3E-BB65-B6F3CC0CE7F9}.Ad-Hoc|ARM64.Build.0 = Debug|Any CPU
		{CF1408C0-0BE7-4D3E-BB65-B6F3CC0CE7F9}.Ad-Hoc|iPhone.ActiveCfg = Debug|Any CPU
		{CF1408C0-0BE7-4D3E-BB65-B6F3CC0CE7F9}.Ad-Hoc|iPhone.Build.0 = Debug|Any CPU
		{CF1408C0-0BE7-4D3E-BB65-B6F3CC0CE7F9}.Ad-Hoc|iPhoneSimulator.ActiveCfg = Debug|Any CPU
		{CF1408C0-0BE7-4D3E-BB65-B6F3CC0CE7F9}.Ad-Hoc|iPhoneSimulator.Build.0 = Debug|Any CPU
		{CF1408C0-0BE7-4D3E-BB65-B6F3CC0CE7F9}.Ad-Hoc|x64.ActiveCfg = Debug|Any CPU
		{CF1408C0-0BE7-4D3E-BB65-B6F3CC0CE7F9}.Ad-Hoc|x64.Build.0 = Debug|Any CPU
		{CF1408C0-0BE7-4D3E-BB65-B6F3CC0CE7F9}.Ad-Hoc|x86.ActiveCfg = Debug|Any CPU
		{CF1408C0-0BE7-4D3E-BB65-B6F3CC0CE7F9}.Ad-Hoc|x86.Build.0 = Debug|Any CPU
		{CF1408C0-0BE7-4D3E-BB65-B6F3CC0CE7F9}.AppStore|Any CPU.ActiveCfg = Debug|Any CPU
		{CF1408C0-0BE7-4D3E-BB65-B6F3CC0CE7F9}.AppStore|Any CPU.Build.0 = Debug|Any CPU
		{CF1408C0-0BE7-4D3E-BB65-B6F3CC0CE7F9}.AppStore|ARM.ActiveCfg = Debug|Any CPU
		{CF1408C0-0BE7-4D3E-BB65-B6F3CC0CE7F9}.AppStore|ARM.Build.0 = Debug|Any CPU
		{CF1408C0-0BE7-4D3E-BB65-B6F3CC0CE7F9}.AppStore|ARM64.ActiveCfg = Debug|Any CPU
		{CF1408C0-0BE7-4D3E-BB65-B6F3CC0CE7F9}.AppStore|ARM64.Build.0 = Debug|Any CPU
		{CF1408C0-0BE7-4D3E-BB65-B6F3CC0CE7F9}.AppStore|iPhone.ActiveCfg = Debug|Any CPU
		{CF1408C0-0BE7-4D3E-BB65-B6F3CC0CE7F9}.AppStore|iPhone.Build.0 = Debug|Any CPU
		{CF1408C0-0BE7-4D3E-BB65-B6F3CC0CE7F9}.AppStore|iPhoneSimulator.ActiveCfg = Debug|Any CPU
		{CF1408C0-0BE7-4D3E-BB65-B6F3CC0CE7F9}.AppStore|iPhoneSimulator.Build.0 = Debug|Any CPU
		{CF1408C0-0BE7-4D3E-BB65-B6F3CC0CE7F9}.AppStore|x64.ActiveCfg = Debug|Any CPU
		{CF1408C0-0BE7-4D3E-BB65-B6F3CC0CE7F9}.AppStore|x64.Build.0 = Debug|Any CPU
		{CF1408C0-0BE7-4D3E-BB65-B6F3CC0CE7F9}.AppStore|x86.ActiveCfg = Debug|Any CPU
		{CF1408C0-0BE7-4D3E-BB65-B6F3CC0CE7F9}.AppStore|x86.Build.0 = Debug|Any CPU
		{CF1408C0-0BE7-4D3E-BB65-B6F3CC0CE7F9}.Debug|Any CPU.ActiveCfg = Debug|Any CPU
		{CF1408C0-0BE7-4D3E-BB65-B6F3CC0CE7F9}.Debug|Any CPU.Build.0 = Debug|Any CPU
		{CF1408C0-0BE7-4D3E-BB65-B6F3CC0CE7F9}.Debug|ARM.ActiveCfg = Debug|Any CPU
		{CF1408C0-0BE7-4D3E-BB65-B6F3CC0CE7F9}.Debug|ARM.Build.0 = Debug|Any CPU
		{CF1408C0-0BE7-4D3E-BB65-B6F3CC0CE7F9}.Debug|ARM64.ActiveCfg = Debug|Any CPU
		{CF1408C0-0BE7-4D3E-BB65-B6F3CC0CE7F9}.Debug|ARM64.Build.0 = Debug|Any CPU
		{CF1408C0-0BE7-4D3E-BB65-B6F3CC0CE7F9}.Debug|iPhone.ActiveCfg = Debug|Any CPU
		{CF1408C0-0BE7-4D3E-BB65-B6F3CC0CE7F9}.Debug|iPhone.Build.0 = Debug|Any CPU
		{CF1408C0-0BE7-4D3E-BB65-B6F3CC0CE7F9}.Debug|iPhoneSimulator.ActiveCfg = Debug|Any CPU
		{CF1408C0-0BE7-4D3E-BB65-B6F3CC0CE7F9}.Debug|iPhoneSimulator.Build.0 = Debug|Any CPU
		{CF1408C0-0BE7-4D3E-BB65-B6F3CC0CE7F9}.Debug|x64.ActiveCfg = Debug|Any CPU
		{CF1408C0-0BE7-4D3E-BB65-B6F3CC0CE7F9}.Debug|x64.Build.0 = Debug|Any CPU
		{CF1408C0-0BE7-4D3E-BB65-B6F3CC0CE7F9}.Debug|x86.ActiveCfg = Debug|Any CPU
		{CF1408C0-0BE7-4D3E-BB65-B6F3CC0CE7F9}.Debug|x86.Build.0 = Debug|Any CPU
		{CF1408C0-0BE7-4D3E-BB65-B6F3CC0CE7F9}.Release|Any CPU.ActiveCfg = Release|Any CPU
		{CF1408C0-0BE7-4D3E-BB65-B6F3CC0CE7F9}.Release|Any CPU.Build.0 = Release|Any CPU
		{CF1408C0-0BE7-4D3E-BB65-B6F3CC0CE7F9}.Release|ARM.ActiveCfg = Release|Any CPU
		{CF1408C0-0BE7-4D3E-BB65-B6F3CC0CE7F9}.Release|ARM.Build.0 = Release|Any CPU
		{CF1408C0-0BE7-4D3E-BB65-B6F3CC0CE7F9}.Release|ARM64.ActiveCfg = Release|Any CPU
		{CF1408C0-0BE7-4D3E-BB65-B6F3CC0CE7F9}.Release|ARM64.Build.0 = Release|Any CPU
		{CF1408C0-0BE7-4D3E-BB65-B6F3CC0CE7F9}.Release|iPhone.ActiveCfg = Release|Any CPU
		{CF1408C0-0BE7-4D3E-BB65-B6F3CC0CE7F9}.Release|iPhone.Build.0 = Release|Any CPU
		{CF1408C0-0BE7-4D3E-BB65-B6F3CC0CE7F9}.Release|iPhoneSimulator.ActiveCfg = Release|Any CPU
		{CF1408C0-0BE7-4D3E-BB65-B6F3CC0CE7F9}.Release|iPhoneSimulator.Build.0 = Release|Any CPU
		{CF1408C0-0BE7-4D3E-BB65-B6F3CC0CE7F9}.Release|x64.ActiveCfg = Release|Any CPU
		{CF1408C0-0BE7-4D3E-BB65-B6F3CC0CE7F9}.Release|x64.Build.0 = Release|Any CPU
		{CF1408C0-0BE7-4D3E-BB65-B6F3CC0CE7F9}.Release|x86.ActiveCfg = Release|Any CPU
		{CF1408C0-0BE7-4D3E-BB65-B6F3CC0CE7F9}.Release|x86.Build.0 = Release|Any CPU
		{44BBA467-E6BB-48A8-BE11-10CEAD8739A9}.Ad-Hoc|Any CPU.ActiveCfg = Debug|Any CPU
		{44BBA467-E6BB-48A8-BE11-10CEAD8739A9}.Ad-Hoc|Any CPU.Build.0 = Debug|Any CPU
		{44BBA467-E6BB-48A8-BE11-10CEAD8739A9}.Ad-Hoc|ARM.ActiveCfg = Debug|Any CPU
		{44BBA467-E6BB-48A8-BE11-10CEAD8739A9}.Ad-Hoc|ARM.Build.0 = Debug|Any CPU
		{44BBA467-E6BB-48A8-BE11-10CEAD8739A9}.Ad-Hoc|ARM64.ActiveCfg = Debug|Any CPU
		{44BBA467-E6BB-48A8-BE11-10CEAD8739A9}.Ad-Hoc|ARM64.Build.0 = Debug|Any CPU
		{44BBA467-E6BB-48A8-BE11-10CEAD8739A9}.Ad-Hoc|iPhone.ActiveCfg = Debug|Any CPU
		{44BBA467-E6BB-48A8-BE11-10CEAD8739A9}.Ad-Hoc|iPhone.Build.0 = Debug|Any CPU
		{44BBA467-E6BB-48A8-BE11-10CEAD8739A9}.Ad-Hoc|iPhoneSimulator.ActiveCfg = Debug|Any CPU
		{44BBA467-E6BB-48A8-BE11-10CEAD8739A9}.Ad-Hoc|iPhoneSimulator.Build.0 = Debug|Any CPU
		{44BBA467-E6BB-48A8-BE11-10CEAD8739A9}.Ad-Hoc|x64.ActiveCfg = Debug|Any CPU
		{44BBA467-E6BB-48A8-BE11-10CEAD8739A9}.Ad-Hoc|x64.Build.0 = Debug|Any CPU
		{44BBA467-E6BB-48A8-BE11-10CEAD8739A9}.Ad-Hoc|x86.ActiveCfg = Debug|Any CPU
		{44BBA467-E6BB-48A8-BE11-10CEAD8739A9}.Ad-Hoc|x86.Build.0 = Debug|Any CPU
		{44BBA467-E6BB-48A8-BE11-10CEAD8739A9}.AppStore|Any CPU.ActiveCfg = Debug|Any CPU
		{44BBA467-E6BB-48A8-BE11-10CEAD8739A9}.AppStore|Any CPU.Build.0 = Debug|Any CPU
		{44BBA467-E6BB-48A8-BE11-10CEAD8739A9}.AppStore|ARM.ActiveCfg = Debug|Any CPU
		{44BBA467-E6BB-48A8-BE11-10CEAD8739A9}.AppStore|ARM.Build.0 = Debug|Any CPU
		{44BBA467-E6BB-48A8-BE11-10CEAD8739A9}.AppStore|ARM64.ActiveCfg = Debug|Any CPU
		{44BBA467-E6BB-48A8-BE11-10CEAD8739A9}.AppStore|ARM64.Build.0 = Debug|Any CPU
		{44BBA467-E6BB-48A8-BE11-10CEAD8739A9}.AppStore|iPhone.ActiveCfg = Debug|Any CPU
		{44BBA467-E6BB-48A8-BE11-10CEAD8739A9}.AppStore|iPhone.Build.0 = Debug|Any CPU
		{44BBA467-E6BB-48A8-BE11-10CEAD8739A9}.AppStore|iPhoneSimulator.ActiveCfg = Debug|Any CPU
		{44BBA467-E6BB-48A8-BE11-10CEAD8739A9}.AppStore|iPhoneSimulator.Build.0 = Debug|Any CPU
		{44BBA467-E6BB-48A8-BE11-10CEAD8739A9}.AppStore|x64.ActiveCfg = Debug|Any CPU
		{44BBA467-E6BB-48A8-BE11-10CEAD8739A9}.AppStore|x64.Build.0 = Debug|Any CPU
		{44BBA467-E6BB-48A8-BE11-10CEAD8739A9}.AppStore|x86.ActiveCfg = Debug|Any CPU
		{44BBA467-E6BB-48A8-BE11-10CEAD8739A9}.AppStore|x86.Build.0 = Debug|Any CPU
		{44BBA467-E6BB-48A8-BE11-10CEAD8739A9}.Debug|Any CPU.ActiveCfg = Debug|Any CPU
		{44BBA467-E6BB-48A8-BE11-10CEAD8739A9}.Debug|Any CPU.Build.0 = Debug|Any CPU
		{44BBA467-E6BB-48A8-BE11-10CEAD8739A9}.Debug|ARM.ActiveCfg = Debug|Any CPU
		{44BBA467-E6BB-48A8-BE11-10CEAD8739A9}.Debug|ARM.Build.0 = Debug|Any CPU
		{44BBA467-E6BB-48A8-BE11-10CEAD8739A9}.Debug|ARM64.ActiveCfg = Debug|Any CPU
		{44BBA467-E6BB-48A8-BE11-10CEAD8739A9}.Debug|ARM64.Build.0 = Debug|Any CPU
		{44BBA467-E6BB-48A8-BE11-10CEAD8739A9}.Debug|iPhone.ActiveCfg = Debug|Any CPU
		{44BBA467-E6BB-48A8-BE11-10CEAD8739A9}.Debug|iPhone.Build.0 = Debug|Any CPU
		{44BBA467-E6BB-48A8-BE11-10CEAD8739A9}.Debug|iPhoneSimulator.ActiveCfg = Debug|Any CPU
		{44BBA467-E6BB-48A8-BE11-10CEAD8739A9}.Debug|iPhoneSimulator.Build.0 = Debug|Any CPU
		{44BBA467-E6BB-48A8-BE11-10CEAD8739A9}.Debug|x64.ActiveCfg = Debug|Any CPU
		{44BBA467-E6BB-48A8-BE11-10CEAD8739A9}.Debug|x64.Build.0 = Debug|Any CPU
		{44BBA467-E6BB-48A8-BE11-10CEAD8739A9}.Debug|x86.ActiveCfg = Debug|Any CPU
		{44BBA467-E6BB-48A8-BE11-10CEAD8739A9}.Debug|x86.Build.0 = Debug|Any CPU
		{44BBA467-E6BB-48A8-BE11-10CEAD8739A9}.Release|Any CPU.ActiveCfg = Release|Any CPU
		{44BBA467-E6BB-48A8-BE11-10CEAD8739A9}.Release|Any CPU.Build.0 = Release|Any CPU
		{44BBA467-E6BB-48A8-BE11-10CEAD8739A9}.Release|ARM.ActiveCfg = Release|Any CPU
		{44BBA467-E6BB-48A8-BE11-10CEAD8739A9}.Release|ARM.Build.0 = Release|Any CPU
		{44BBA467-E6BB-48A8-BE11-10CEAD8739A9}.Release|ARM64.ActiveCfg = Release|Any CPU
		{44BBA467-E6BB-48A8-BE11-10CEAD8739A9}.Release|ARM64.Build.0 = Release|Any CPU
		{44BBA467-E6BB-48A8-BE11-10CEAD8739A9}.Release|iPhone.ActiveCfg = Release|Any CPU
		{44BBA467-E6BB-48A8-BE11-10CEAD8739A9}.Release|iPhone.Build.0 = Release|Any CPU
		{44BBA467-E6BB-48A8-BE11-10CEAD8739A9}.Release|iPhoneSimulator.ActiveCfg = Release|Any CPU
		{44BBA467-E6BB-48A8-BE11-10CEAD8739A9}.Release|iPhoneSimulator.Build.0 = Release|Any CPU
		{44BBA467-E6BB-48A8-BE11-10CEAD8739A9}.Release|x64.ActiveCfg = Release|Any CPU
		{44BBA467-E6BB-48A8-BE11-10CEAD8739A9}.Release|x64.Build.0 = Release|Any CPU
		{44BBA467-E6BB-48A8-BE11-10CEAD8739A9}.Release|x86.ActiveCfg = Release|Any CPU
		{44BBA467-E6BB-48A8-BE11-10CEAD8739A9}.Release|x86.Build.0 = Release|Any CPU
		{DF009208-D1EA-4D2A-986D-7EC6FBD86B5E}.Ad-Hoc|Any CPU.ActiveCfg = Debug|Any CPU
		{DF009208-D1EA-4D2A-986D-7EC6FBD86B5E}.Ad-Hoc|Any CPU.Build.0 = Debug|Any CPU
		{DF009208-D1EA-4D2A-986D-7EC6FBD86B5E}.Ad-Hoc|ARM.ActiveCfg = Debug|Any CPU
		{DF009208-D1EA-4D2A-986D-7EC6FBD86B5E}.Ad-Hoc|ARM.Build.0 = Debug|Any CPU
		{DF009208-D1EA-4D2A-986D-7EC6FBD86B5E}.Ad-Hoc|ARM64.ActiveCfg = Debug|Any CPU
		{DF009208-D1EA-4D2A-986D-7EC6FBD86B5E}.Ad-Hoc|ARM64.Build.0 = Debug|Any CPU
		{DF009208-D1EA-4D2A-986D-7EC6FBD86B5E}.Ad-Hoc|iPhone.ActiveCfg = Debug|Any CPU
		{DF009208-D1EA-4D2A-986D-7EC6FBD86B5E}.Ad-Hoc|iPhone.Build.0 = Debug|Any CPU
		{DF009208-D1EA-4D2A-986D-7EC6FBD86B5E}.Ad-Hoc|iPhoneSimulator.ActiveCfg = Debug|Any CPU
		{DF009208-D1EA-4D2A-986D-7EC6FBD86B5E}.Ad-Hoc|iPhoneSimulator.Build.0 = Debug|Any CPU
		{DF009208-D1EA-4D2A-986D-7EC6FBD86B5E}.Ad-Hoc|x64.ActiveCfg = Debug|Any CPU
		{DF009208-D1EA-4D2A-986D-7EC6FBD86B5E}.Ad-Hoc|x64.Build.0 = Debug|Any CPU
		{DF009208-D1EA-4D2A-986D-7EC6FBD86B5E}.Ad-Hoc|x86.ActiveCfg = Debug|Any CPU
		{DF009208-D1EA-4D2A-986D-7EC6FBD86B5E}.Ad-Hoc|x86.Build.0 = Debug|Any CPU
		{DF009208-D1EA-4D2A-986D-7EC6FBD86B5E}.AppStore|Any CPU.ActiveCfg = Debug|Any CPU
		{DF009208-D1EA-4D2A-986D-7EC6FBD86B5E}.AppStore|Any CPU.Build.0 = Debug|Any CPU
		{DF009208-D1EA-4D2A-986D-7EC6FBD86B5E}.AppStore|ARM.ActiveCfg = Debug|Any CPU
		{DF009208-D1EA-4D2A-986D-7EC6FBD86B5E}.AppStore|ARM.Build.0 = Debug|Any CPU
		{DF009208-D1EA-4D2A-986D-7EC6FBD86B5E}.AppStore|ARM64.ActiveCfg = Debug|Any CPU
		{DF009208-D1EA-4D2A-986D-7EC6FBD86B5E}.AppStore|ARM64.Build.0 = Debug|Any CPU
		{DF009208-D1EA-4D2A-986D-7EC6FBD86B5E}.AppStore|iPhone.ActiveCfg = Debug|Any CPU
		{DF009208-D1EA-4D2A-986D-7EC6FBD86B5E}.AppStore|iPhone.Build.0 = Debug|Any CPU
		{DF009208-D1EA-4D2A-986D-7EC6FBD86B5E}.AppStore|iPhoneSimulator.ActiveCfg = Debug|Any CPU
		{DF009208-D1EA-4D2A-986D-7EC6FBD86B5E}.AppStore|iPhoneSimulator.Build.0 = Debug|Any CPU
		{DF009208-D1EA-4D2A-986D-7EC6FBD86B5E}.AppStore|x64.ActiveCfg = Debug|Any CPU
		{DF009208-D1EA-4D2A-986D-7EC6FBD86B5E}.AppStore|x64.Build.0 = Debug|Any CPU
		{DF009208-D1EA-4D2A-986D-7EC6FBD86B5E}.AppStore|x86.ActiveCfg = Debug|Any CPU
		{DF009208-D1EA-4D2A-986D-7EC6FBD86B5E}.AppStore|x86.Build.0 = Debug|Any CPU
		{DF009208-D1EA-4D2A-986D-7EC6FBD86B5E}.Debug|Any CPU.ActiveCfg = Debug|Any CPU
		{DF009208-D1EA-4D2A-986D-7EC6FBD86B5E}.Debug|Any CPU.Build.0 = Debug|Any CPU
		{DF009208-D1EA-4D2A-986D-7EC6FBD86B5E}.Debug|ARM.ActiveCfg = Debug|Any CPU
		{DF009208-D1EA-4D2A-986D-7EC6FBD86B5E}.Debug|ARM.Build.0 = Debug|Any CPU
		{DF009208-D1EA-4D2A-986D-7EC6FBD86B5E}.Debug|ARM64.ActiveCfg = Debug|Any CPU
		{DF009208-D1EA-4D2A-986D-7EC6FBD86B5E}.Debug|ARM64.Build.0 = Debug|Any CPU
		{DF009208-D1EA-4D2A-986D-7EC6FBD86B5E}.Debug|iPhone.ActiveCfg = Debug|Any CPU
		{DF009208-D1EA-4D2A-986D-7EC6FBD86B5E}.Debug|iPhone.Build.0 = Debug|Any CPU
		{DF009208-D1EA-4D2A-986D-7EC6FBD86B5E}.Debug|iPhoneSimulator.ActiveCfg = Debug|Any CPU
		{DF009208-D1EA-4D2A-986D-7EC6FBD86B5E}.Debug|iPhoneSimulator.Build.0 = Debug|Any CPU
		{DF009208-D1EA-4D2A-986D-7EC6FBD86B5E}.Debug|x64.ActiveCfg = Debug|Any CPU
		{DF009208-D1EA-4D2A-986D-7EC6FBD86B5E}.Debug|x64.Build.0 = Debug|Any CPU
		{DF009208-D1EA-4D2A-986D-7EC6FBD86B5E}.Debug|x86.ActiveCfg = Debug|Any CPU
		{DF009208-D1EA-4D2A-986D-7EC6FBD86B5E}.Debug|x86.Build.0 = Debug|Any CPU
		{DF009208-D1EA-4D2A-986D-7EC6FBD86B5E}.Release|Any CPU.ActiveCfg = Release|Any CPU
		{DF009208-D1EA-4D2A-986D-7EC6FBD86B5E}.Release|Any CPU.Build.0 = Release|Any CPU
		{DF009208-D1EA-4D2A-986D-7EC6FBD86B5E}.Release|ARM.ActiveCfg = Release|Any CPU
		{DF009208-D1EA-4D2A-986D-7EC6FBD86B5E}.Release|ARM.Build.0 = Release|Any CPU
		{DF009208-D1EA-4D2A-986D-7EC6FBD86B5E}.Release|ARM64.ActiveCfg = Release|Any CPU
		{DF009208-D1EA-4D2A-986D-7EC6FBD86B5E}.Release|ARM64.Build.0 = Release|Any CPU
		{DF009208-D1EA-4D2A-986D-7EC6FBD86B5E}.Release|iPhone.ActiveCfg = Release|Any CPU
		{DF009208-D1EA-4D2A-986D-7EC6FBD86B5E}.Release|iPhone.Build.0 = Release|Any CPU
		{DF009208-D1EA-4D2A-986D-7EC6FBD86B5E}.Release|iPhoneSimulator.ActiveCfg = Release|Any CPU
		{DF009208-D1EA-4D2A-986D-7EC6FBD86B5E}.Release|iPhoneSimulator.Build.0 = Release|Any CPU
		{DF009208-D1EA-4D2A-986D-7EC6FBD86B5E}.Release|x64.ActiveCfg = Release|Any CPU
		{DF009208-D1EA-4D2A-986D-7EC6FBD86B5E}.Release|x64.Build.0 = Release|Any CPU
		{DF009208-D1EA-4D2A-986D-7EC6FBD86B5E}.Release|x86.ActiveCfg = Release|Any CPU
		{DF009208-D1EA-4D2A-986D-7EC6FBD86B5E}.Release|x86.Build.0 = Release|Any CPU
		{5F5213E8-5134-4FAE-B653-5EAB767DFDC5}.Ad-Hoc|Any CPU.ActiveCfg = Debug|Any CPU
		{5F5213E8-5134-4FAE-B653-5EAB767DFDC5}.Ad-Hoc|Any CPU.Build.0 = Debug|Any CPU
		{5F5213E8-5134-4FAE-B653-5EAB767DFDC5}.Ad-Hoc|ARM.ActiveCfg = Debug|Any CPU
		{5F5213E8-5134-4FAE-B653-5EAB767DFDC5}.Ad-Hoc|ARM.Build.0 = Debug|Any CPU
		{5F5213E8-5134-4FAE-B653-5EAB767DFDC5}.Ad-Hoc|ARM64.ActiveCfg = Debug|Any CPU
		{5F5213E8-5134-4FAE-B653-5EAB767DFDC5}.Ad-Hoc|ARM64.Build.0 = Debug|Any CPU
		{5F5213E8-5134-4FAE-B653-5EAB767DFDC5}.Ad-Hoc|iPhone.ActiveCfg = Debug|Any CPU
		{5F5213E8-5134-4FAE-B653-5EAB767DFDC5}.Ad-Hoc|iPhone.Build.0 = Debug|Any CPU
		{5F5213E8-5134-4FAE-B653-5EAB767DFDC5}.Ad-Hoc|iPhoneSimulator.ActiveCfg = Debug|Any CPU
		{5F5213E8-5134-4FAE-B653-5EAB767DFDC5}.Ad-Hoc|iPhoneSimulator.Build.0 = Debug|Any CPU
		{5F5213E8-5134-4FAE-B653-5EAB767DFDC5}.Ad-Hoc|x64.ActiveCfg = Debug|Any CPU
		{5F5213E8-5134-4FAE-B653-5EAB767DFDC5}.Ad-Hoc|x64.Build.0 = Debug|Any CPU
		{5F5213E8-5134-4FAE-B653-5EAB767DFDC5}.Ad-Hoc|x86.ActiveCfg = Debug|Any CPU
		{5F5213E8-5134-4FAE-B653-5EAB767DFDC5}.Ad-Hoc|x86.Build.0 = Debug|Any CPU
		{5F5213E8-5134-4FAE-B653-5EAB767DFDC5}.AppStore|Any CPU.ActiveCfg = Debug|Any CPU
		{5F5213E8-5134-4FAE-B653-5EAB767DFDC5}.AppStore|Any CPU.Build.0 = Debug|Any CPU
		{5F5213E8-5134-4FAE-B653-5EAB767DFDC5}.AppStore|ARM.ActiveCfg = Debug|Any CPU
		{5F5213E8-5134-4FAE-B653-5EAB767DFDC5}.AppStore|ARM.Build.0 = Debug|Any CPU
		{5F5213E8-5134-4FAE-B653-5EAB767DFDC5}.AppStore|ARM64.ActiveCfg = Debug|Any CPU
		{5F5213E8-5134-4FAE-B653-5EAB767DFDC5}.AppStore|ARM64.Build.0 = Debug|Any CPU
		{5F5213E8-5134-4FAE-B653-5EAB767DFDC5}.AppStore|iPhone.ActiveCfg = Debug|Any CPU
		{5F5213E8-5134-4FAE-B653-5EAB767DFDC5}.AppStore|iPhone.Build.0 = Debug|Any CPU
		{5F5213E8-5134-4FAE-B653-5EAB767DFDC5}.AppStore|iPhoneSimulator.ActiveCfg = Debug|Any CPU
		{5F5213E8-5134-4FAE-B653-5EAB767DFDC5}.AppStore|iPhoneSimulator.Build.0 = Debug|Any CPU
		{5F5213E8-5134-4FAE-B653-5EAB767DFDC5}.AppStore|x64.ActiveCfg = Debug|Any CPU
		{5F5213E8-5134-4FAE-B653-5EAB767DFDC5}.AppStore|x64.Build.0 = Debug|Any CPU
		{5F5213E8-5134-4FAE-B653-5EAB767DFDC5}.AppStore|x86.ActiveCfg = Debug|Any CPU
		{5F5213E8-5134-4FAE-B653-5EAB767DFDC5}.AppStore|x86.Build.0 = Debug|Any CPU
		{5F5213E8-5134-4FAE-B653-5EAB767DFDC5}.Debug|Any CPU.ActiveCfg = Debug|Any CPU
		{5F5213E8-5134-4FAE-B653-5EAB767DFDC5}.Debug|Any CPU.Build.0 = Debug|Any CPU
		{5F5213E8-5134-4FAE-B653-5EAB767DFDC5}.Debug|ARM.ActiveCfg = Debug|Any CPU
		{5F5213E8-5134-4FAE-B653-5EAB767DFDC5}.Debug|ARM.Build.0 = Debug|Any CPU
		{5F5213E8-5134-4FAE-B653-5EAB767DFDC5}.Debug|ARM64.ActiveCfg = Debug|Any CPU
		{5F5213E8-5134-4FAE-B653-5EAB767DFDC5}.Debug|ARM64.Build.0 = Debug|Any CPU
		{5F5213E8-5134-4FAE-B653-5EAB767DFDC5}.Debug|iPhone.ActiveCfg = Debug|Any CPU
		{5F5213E8-5134-4FAE-B653-5EAB767DFDC5}.Debug|iPhone.Build.0 = Debug|Any CPU
		{5F5213E8-5134-4FAE-B653-5EAB767DFDC5}.Debug|iPhoneSimulator.ActiveCfg = Debug|Any CPU
		{5F5213E8-5134-4FAE-B653-5EAB767DFDC5}.Debug|iPhoneSimulator.Build.0 = Debug|Any CPU
		{5F5213E8-5134-4FAE-B653-5EAB767DFDC5}.Debug|x64.ActiveCfg = Debug|Any CPU
		{5F5213E8-5134-4FAE-B653-5EAB767DFDC5}.Debug|x64.Build.0 = Debug|Any CPU
		{5F5213E8-5134-4FAE-B653-5EAB767DFDC5}.Debug|x86.ActiveCfg = Debug|Any CPU
		{5F5213E8-5134-4FAE-B653-5EAB767DFDC5}.Debug|x86.Build.0 = Debug|Any CPU
		{5F5213E8-5134-4FAE-B653-5EAB767DFDC5}.Release|Any CPU.ActiveCfg = Release|Any CPU
		{5F5213E8-5134-4FAE-B653-5EAB767DFDC5}.Release|Any CPU.Build.0 = Release|Any CPU
		{5F5213E8-5134-4FAE-B653-5EAB767DFDC5}.Release|ARM.ActiveCfg = Release|Any CPU
		{5F5213E8-5134-4FAE-B653-5EAB767DFDC5}.Release|ARM.Build.0 = Release|Any CPU
		{5F5213E8-5134-4FAE-B653-5EAB767DFDC5}.Release|ARM64.ActiveCfg = Release|Any CPU
		{5F5213E8-5134-4FAE-B653-5EAB767DFDC5}.Release|ARM64.Build.0 = Release|Any CPU
		{5F5213E8-5134-4FAE-B653-5EAB767DFDC5}.Release|iPhone.ActiveCfg = Release|Any CPU
		{5F5213E8-5134-4FAE-B653-5EAB767DFDC5}.Release|iPhone.Build.0 = Release|Any CPU
		{5F5213E8-5134-4FAE-B653-5EAB767DFDC5}.Release|iPhoneSimulator.ActiveCfg = Release|Any CPU
		{5F5213E8-5134-4FAE-B653-5EAB767DFDC5}.Release|iPhoneSimulator.Build.0 = Release|Any CPU
		{5F5213E8-5134-4FAE-B653-5EAB767DFDC5}.Release|x64.ActiveCfg = Release|Any CPU
		{5F5213E8-5134-4FAE-B653-5EAB767DFDC5}.Release|x64.Build.0 = Release|Any CPU
		{5F5213E8-5134-4FAE-B653-5EAB767DFDC5}.Release|x86.ActiveCfg = Release|Any CPU
		{5F5213E8-5134-4FAE-B653-5EAB767DFDC5}.Release|x86.Build.0 = Release|Any CPU
	EndGlobalSection
	GlobalSection(SolutionProperties) = preSolution
		HideSolutionNode = FALSE
	EndGlobalSection
	GlobalSection(NestedProjects) = preSolution
		{7E3A33F1-A621-4681-8433-FC767737FB82} = {C9E0A5C2-EC50-43B9-B793-D12B40BF17D8}
		{B08C2FE8-1A7A-463E-84AC-F9CE399CB837} = {C9E0A5C2-EC50-43B9-B793-D12B40BF17D8}
		{6ACB4ACB-4F3C-4667-B322-64B855703D2D} = {C9E0A5C2-EC50-43B9-B793-D12B40BF17D8}
		{798E79C0-93F6-41C6-8DD0-B38B284CC875} = {C9E0A5C2-EC50-43B9-B793-D12B40BF17D8}
		{EF5D2475-1C28-40B6-B011-832D8631C1A7} = {C9E0A5C2-EC50-43B9-B793-D12B40BF17D8}
		{5F14DAF4-8A0D-4B93-9600-8672104DE800} = {C9E0A5C2-EC50-43B9-B793-D12B40BF17D8}
		{CF1408C0-0BE7-4D3E-BB65-B6F3CC0CE7F9} = {C9E0A5C2-EC50-43B9-B793-D12B40BF17D8}
		{44BBA467-E6BB-48A8-BE11-10CEAD8739A9} = {C9E0A5C2-EC50-43B9-B793-D12B40BF17D8}
		{DF009208-D1EA-4D2A-986D-7EC6FBD86B5E} = {C9E0A5C2-EC50-43B9-B793-D12B40BF17D8}
	EndGlobalSection
	GlobalSection(ExtensibilityGlobals) = postSolution
		SolutionGuid = {04651867-ACFF-4328-A964-5981260945B0}
	EndGlobalSection
EndGlobal
